
Microsoft Visual Studio Solution File, Format Version 12.00
# Visual Studio Version 17
VisualStudioVersion = 17.5.33516.290
MinimumVisualStudioVersion = 10.0.40219.1
Project("{9A19103F-16F7-4668-BE54-9A1E7A4F7556}") = "WorkTimeApp", "WorkTimeApp\WorkTimeApp.csproj", "{26867B7F-5ADC-4F2C-A486-2F94FEF33535}"
EndProject
Project("{54435603-DBB4-11D2-8724-00A0C9A8B90C}") = "EforAppSetup", "EforAppSetup\EforAppSetup.vdproj", "{021C0636-2F90-4550-A687-5F1AEE53FF3F}"
EndProject
Global
	GlobalSection(SolutionConfigurationPlatforms) = preSolution
		Debug|Any CPU = Debug|Any CPU
		Release|Any CPU = Release|Any CPU
	EndGlobalSection
	GlobalSection(ProjectConfigurationPlatforms) = postSolution
		{26867B7F-5ADC-4F2C-A486-2F94FEF33535}.Debug|Any CPU.ActiveCfg = Debug|Any CPU
		{26867B7F-5ADC-4F2C-A486-2F94FEF33535}.Debug|Any CPU.Build.0 = Debug|Any CPU
		{26867B7F-5ADC-4F2C-A486-2F94FEF33535}.Release|Any CPU.ActiveCfg = Release|Any CPU
		{26867B7F-5ADC-4F2C-A486-2F94FEF33535}.Release|Any CPU.Build.0 = Release|Any CPU
		{021C0636-2F90-4550-A687-5F1AEE53FF3F}.Debug|Any CPU.ActiveCfg = Debug
		{021C0636-2F90-4550-A687-5F1AEE53FF3F}.Release|Any CPU.ActiveCfg = Release
	EndGlobalSection
	GlobalSection(SolutionProperties) = preSolution
		HideSolutionNode = FALSE
	EndGlobalSection
	GlobalSection(ExtensibilityGlobals) = postSolution
		SolutionGuid = {997079A7-E886-4F32-BD0E-B3EB6CC86403}
	EndGlobalSection
EndGlobal
